# chatterbox-tts is installed --no-deps: its declared deps pin numpy<2, which
# conflicts with the base runtime (numpy>=2). Its actual runtime deps are
# provided, hash-pinned, by requirements-clone.lock. The wheel is py3-none-any
# (platform-independent), so this hash is valid on every target.
# Hashes: bdist_wheel + sdist (pip verifies whichever it fetches).
chatterbox-tts==0.1.7 \
    --hash=sha256:83782500e3ad4e7c919132e9d7eb8755f29f57c5bde5ec48c655ca23a4eb113c \
    --hash=sha256:ed8afae83819b40a25927c2ef3bcc67f928bdfcf434c1376c972e6039252a187
